{
  "version": 4,
  "terraform_version": "1.5.7",
  "serial": 14,
  "lineage": "5a8c2864-387d-d243-e9ed-5396e925cdaf",
  "outputs": {
    "webapp_name": {
      "value": "tic-tac-toe-karnishwar1725",
      "type": "string"
    },
    "webapp_url": {
      "value": "https://tic-tac-toe-karnishwar1725.azurewebsites.net",
      "type": "string"
    }
  },
  "resources": [
    {
      "mode": "managed",
      "type": "azurerm_linux_web_app",
      "name": "ttt_app",
      "provider": "provider[\"registry.terraform.io/hashicorp/azurerm\"]",
      "instances": [
        {
          "schema_version": 1,
          "attributes": {
            "app_settings": null,
            "auth_settings": [],
            "auth_settings_v2": [],
            "backup": [],
            "client_affinity_enabled": false,
            "client_certificate_enabled": false,
            "client_certificate_exclusion_paths": "",
            "client_certificate_mode": "Required",
            "connection_string": [],
            "custom_domain_verification_id": "E292C3505A135F8375BE2508BBFC6BAD2209E07DD4B5BCFE900FD9AD1E5336B8",
            "default_hostname": "tic-tac-toe-karnishwar1725.azurewebsites.net",
            "enabled": true,
            "ftp_publish_basic_authentication_enabled": true,
            "hosting_environment_id": "",
            "https_only": false,
            "id": "/subscriptions/04bb1e3a-d7ca-4bba-b2ab-b67407217e03/resourceGroups/ttt-rg/providers/Microsoft.Web/sites/tic-tac-toe-karnishwar1725",
            "identity": [],
            "key_vault_reference_identity_id": "SystemAssigned",
            "kind": "app,linux",
            "location": "westeurope",
            "logs": [],
            "name": "tic-tac-toe-karnishwar1725",
            "outbound_ip_address_list": [
              "135.236.89.194",
              "108.141.27.65",
              "20.67.59.47",
              "9.163.255.242",
              "132.220.19.8",
              "108.142.59.236",
              "128.251.211.129",
              "132.220.25.182",
              "98.64.12.115",
              "132.164.19.45",
              "57.153.161.115",
              "9.163.79.192",
              "20.50.2.94"
            ],
            "outbound_ip_addresses": "135.236.89.194,108.141.27.65,20.67.59.47,9.163.255.242,132.220.19.8,108.142.59.236,128.251.211.129,132.220.25.182,98.64.12.115,132.164.19.45,57.153.161.115,9.163.79.192,20.50.2.94",
            "possible_outbound_ip_address_list": [
              "135.236.89.194",
              "108.141.27.65",
              "20.67.59.47",
              "9.163.255.242",
              "132.220.19.8",
              "108.142.59.236",
              "128.251.211.129",
              "132.220.25.182",
              "98.64.12.115",
              "132.164.19.45",
              "57.153.161.115",
              "9.163.79.192",
              "108.141.122.206",
              "108.141.187.133",
              "132.164.34.153",
              "132.220.251.208",
              "9.163.144.38",
              "9.163.9.182",
              "132.220.107.88",
              "132.220.23.181",
              "9.163.58.115",
              "74.178.195.190",
              "128.251.223.195",
              "132.220.62.57",
              "98.64.158.84",
              "50.85.149.186",
              "135.236.37.192",
              "9.163.71.105",
              "132.220.95.116",
              "128.251.247.189",
              "20.50.2.94"
            ],
            "possible_outbound_ip_addresses": "135.236.89.194,108.141.27.65,20.67.59.47,9.163.255.242,132.220.19.8,108.142.59.236,128.251.211.129,132.220.25.182,98.64.12.115,132.164.19.45,57.153.161.115,9.163.79.192,108.141.122.206,108.141.187.133,132.164.34.153,132.220.251.208,9.163.144.38,9.163.9.182,132.220.107.88,132.220.23.181,9.163.58.115,74.178.195.190,128.251.223.195,132.220.62.57,98.64.158.84,50.85.149.186,135.236.37.192,9.163.71.105,132.220.95.116,128.251.247.189,20.50.2.94",
            "public_network_access_enabled": true,
            "resource_group_name": "ttt-rg",
            "service_plan_id": "/subscriptions/04bb1e3a-d7ca-4bba-b2ab-b67407217e03/resourceGroups/ttt-rg/providers/Microsoft.Web/serverFarms/ttt-service-plan",
            "site_config": [
              {
                "always_on": false,
                "api_definition_url": "",
                "api_management_api_id": "",
                "app_command_line": "",
                "application_stack": [
                  {
                    "docker_image": "",
                    "docker_image_name": "",
                    "docker_image_tag": "",
                    "docker_registry_password": "",
                    "docker_registry_url": "",
                    "docker_registry_username": "",
                    "dotnet_version": "",
                    "go_version": "",
                    "java_server": "",
                    "java_server_version": "",
                    "java_version": "",
                    "node_version": "18-lts",
                    "php_version": "",
                    "python_version": "",
                    "ruby_version": ""
                  }
                ],
                "auto_heal_enabled": false,
                "auto_heal_setting": [],
                "container_registry_managed_identity_client_id": "",
                "container_registry_use_managed_identity": false,
                "cors": [],
                "default_documents": [
                  "Default.htm",
                  "Default.html",
                  "Default.asp",
                  "index.htm",
                  "index.html",
                  "iisstart.htm",
                  "default.aspx",
                  "index.php",
                  "hostingstart.html"
                ],
                "detailed_error_logging_enabled": false,
                "ftps_state": "Disabled",
                "health_check_eviction_time_in_min": 0,
                "health_check_path": "",
                "http2_enabled": false,
                "ip_restriction": [],
                "ip_restriction_default_action": "Allow",
                "linux_fx_version": "NODE|18-lts",
                "load_balancing_mode": "LeastRequests",
                "local_mysql_enabled": false,
                "managed_pipeline_mode": "Integrated",
                "minimum_tls_version": "1.2",
                "remote_debugging_enabled": false,
                "remote_debugging_version": "VS2022",
                "scm_ip_restriction": [],
                "scm_ip_restriction_default_action": "Allow",
                "scm_minimum_tls_version": "1.2",
                "scm_type": "None",
                "scm_use_main_ip_restriction": false,
                "use_32_bit_worker": true,
                "vnet_route_all_enabled": false,
                "websockets_enabled": false,
                "worker_count": 1
              }
            ],
            "site_credential": [
              {
                "name": "$tic-tac-toe-karnishwar1725",
                "password": "zhQdFht8RnNjTvbSoZhp2mQG6ZxpfZfn8d1qXtfHnSp43eQ5adBolsXg5pxG"
              }
            ],
            "sticky_settings": [],
            "storage_account": [],
            "tags": null,
            "timeouts": null,
            "virtual_network_subnet_id": "",
            "webdeploy_publish_basic_authentication_enabled": true,
            "zip_deploy_file": ""
          },
          "sensitive_attributes": [],
          "private": "eyJlMmJmYjczMC1lY2FhLTExZTYtOGY4OC0zNDM2M2JjN2M0YzAiOnsiY3JlYXRlIjoxODAwMDAwMDAwMDAwLCJkZWxldGUiOjE4MDAwMDAwMDAwMDAsInJlYWQiOjMwMDAwMDAwMDAwMCwidXBkYXRlIjoxODAwMDAwMDAwMDAwfSwic2NoZW1hX3ZlcnNpb24iOiIxIn0=",
          "dependencies": [
            "azurerm_resource_group.ttt_rg",
            "azurerm_service_plan.ttt_plan"
          ]
        }
      ]
    },
    {
      "mode": "managed",
      "type": "azurerm_resource_group",
      "name": "ttt_rg",
      "provider": "provider[\"registry.terraform.io/hashicorp/azurerm\"]",
      "instances": [
        {
          "schema_version": 0,
          "attributes": {
            "id": "/subscriptions/04bb1e3a-d7ca-4bba-b2ab-b67407217e03/resourceGroups/ttt-rg",
            "location": "westeurope",
            "managed_by": "",
            "name": "ttt-rg",
            "tags": {},
            "timeouts": null
          },
          "sensitive_attributes": [],
          "private": "eyJlMmJmYjczMC1lY2FhLTExZTYtOGY4OC0zNDM2M2JjN2M0YzAiOnsiY3JlYXRlIjo1NDAwMDAwMDAwMDAwLCJkZWxldGUiOjU0MDAwMDAwMDAwMDAsInJlYWQiOjMwMDAwMDAwMDAwMCwidXBkYXRlIjo1NDAwMDAwMDAwMDAwfX0="
        }
      ]
    },
    {
      "mode": "managed",
      "type": "azurerm_service_plan",
      "name": "ttt_plan",
      "provider": "provider[\"registry.terraform.io/hashicorp/azurerm\"]",
      "instances": [
        {
          "schema_version": 1,
          "attributes": {
            "app_service_environment_id": "",
            "id": "/subscriptions/04bb1e3a-d7ca-4bba-b2ab-b67407217e03/resourceGroups/ttt-rg/providers/Microsoft.Web/serverFarms/ttt-service-plan",
            "kind": "linux",
            "location": "westeurope",
            "maximum_elastic_worker_count": 1,
            "name": "ttt-service-plan",
            "os_type": "Linux",
            "per_site_scaling_enabled": false,
            "reserved": true,
            "resource_group_name": "ttt-rg",
            "sku_name": "F1",
            "tags": {},
            "timeouts": null,
            "worker_count": 1,
            "zone_balancing_enabled": false
          },
          "sensitive_attributes": [],
          "private": "eyJlMmJmYjczMC1lY2FhLTExZTYtOGY4OC0zNDM2M2JjN2M0YzAiOnsiY3JlYXRlIjozNjAwMDAwMDAwMDAwLCJkZWxldGUiOjM2MDAwMDAwMDAwMDAsInJlYWQiOjMwMDAwMDAwMDAwMCwidXBkYXRlIjozNjAwMDAwMDAwMDAwfSwic2NoZW1hX3ZlcnNpb24iOiIxIn0=",
          "dependencies": [
            "azurerm_resource_group.ttt_rg"
          ]
        }
      ]
    }
  ],
  "check_results": null
}
